<!doctype html>
<html lang="en">
  <head>
    <meta charset="UTF-8" />
    <meta name="viewport" content="width=device-width, initial-scale=1.0" />
    <title>EcoBatch AI</title>
    <meta name="description" content="EcoBatch AI - Smart Energy & Process Optimization" />
    <meta name="author" content="Team SPARK" />

    <meta property="og:title" content="EcoBatch AI" />
    <meta property="og:description" content="EcoBatch AI - Smart Energy & Process Optimization" />
    <meta property="og:type" content="website" />

    <meta name="twitter:card" content="summary_large_image" />
    <meta name="twitter:site" content="@EcoBatchAI" />
  </head>

  <body>
    <div id="root"></div>
    <script type="module" src="/src/main.tsx"></script>
  </body>
</html>
